
Microsoft Visual Studio Solution File, Format Version 12.00
# Visual Studio 2015
Project("{FAE04EC0-301F-11D3-BF4B-00C04F79EFBC}") = "NSA", "NSA.csproj", "{42326469-2531-477D-1FFB-E8CCB3922BCC}"
EndProject
Global
	GlobalSection(SolutionConfigurationPlatforms) = preSolution
		Debug|Any CPU = Debug|Any CPU
		Release|Any CPU = Release|Any CPU
	EndGlobalSection
	GlobalSection(ProjectConfigurationPlatforms) = postSolution
		{42326469-2531-477D-1FFB-E8CCB3922BCC}.Debug|Any CPU.ActiveCfg = Debug|Any CPU
		{42326469-2531-477D-1FFB-E8CCB3922BCC}.Debug|Any CPU.Build.0 = Debug|Any CPU
		{42326469-2531-477D-1FFB-E8CCB3922BCC}.Release|Any CPU.ActiveCfg = Release|Any CPU
		{42326469-2531-477D-1FFB-E8CCB3922BCC}.Release|Any CPU.Build.0 = Release|Any CPU
	EndGlobalSection
	GlobalSection(SolutionProperties) = preSolution
		HideSolutionNode = FALSE
	EndGlobalSection
EndGlobal
